hash: f985fc8e41f9189ad2381fb22e4bb5a7af1e7f5d9f9acb91bbe6b64f313f7ebb
updated: 2018-01-12T17:14:36.800337+08:00
imports:
- name: github.com/aliyun/aliyun-oss-go-sdk
  version: 52de7239022ceba47354832fbcc65983aa8d019d
  subpackages:
  - oss
- name: github.com/astaxie/beego
  version: bf5c5626ab429e66d88602e1ab1ab5fbf4629a01
- name: github.com/bradfitz/gomemcache
  version: 1952afaa557dc08e8e0d89eafab110fb501c1a2b
  subpackages:
  - memcache
- name: github.com/cuirixin/phoenix_corelib
  version: 31ec2ecaa7269218546c25c9a5ae872fcf6b1cc6
  subpackages:
  - libs/alicloud/context
  - libs/alicloud/openapi
  - libs/alipay/encoding
  - libs/wechat/context
  - libs/wechat/js
  - libs/wechat/material
  - libs/wechat/menu
  - libs/wechat/message
  - libs/wechat/mina
  - libs/wechat/oauth
  - libs/wechat/server
  - libs/wechat/template
  - libs/wechat/user
  - utils
  - utils/cache
- name: github.com/dgrijalva/jwt-go
  version: dbeaa9332f19a944acb5736b4456cfcc02140e29
- name: github.com/garyburd/redigo
  version: d1ed5c67e5794de818ea85e6b522fda02623a484
  subpackages:
  - internal
  - redis
- name: github.com/gogap/ali_mns
  version: bfb19597e502d8a51f41016e3396d31ab0fced9c
- name: github.com/gogap/errors
  version: 149c546090d0ac947ee5f6772d431e30cf0f6f3b
- name: github.com/gogap/logs
  version: 31c6d1e28b2c124efcce7234fc397d2121ab5a1d
- name: github.com/gogap/stack
  version: fef68dddd4f8092a1be1acacb121f847315e5c94
- name: github.com/gogather/com
  version: 4423ca58844cc7256a7ad433d478813659187861
- name: github.com/gogather/iplocation
  version: e8439d3c857025b1d0cd05af4bfde4069da8bffa
- name: github.com/mreiferson/go-httpclient
  version: 31f0106b4474f14bc441575c19d3a5fa21aa1f6c
testImports: []
